// !$*UTF8*$!
{
	archiveVersion = 1;
	classes = {
	};
	objectVersion = 46;
	objects = {

/* Begin PBXBuildFile section */
		95894EFA1D1C2F3300E2B287 /* AppDelegate.swift in Sources */ = {isa = PBXBuildFile; fileRef = 95894EF91D1C2F3300E2B287 /* AppDelegate.swift */; };
		95894EFC1D1C2F3300E2B287 /* ViewController.swift in Sources */ = {isa = PBXBuildFile; fileRef = 95894EFB1D1C2F3300E2B287 /* ViewController.swift */; };
		95894EFF1D1C2F3300E2B287 /* Main.storyboard in Resources */ = {isa = PBXBuildFile; fileRef = 95894EFD1D1C2F3300E2B287 /* Main.storyboard */; };
		95894F011D1C2F3300E2B287 /* Images.xcassets in Resources */ = {isa = PBXBuildFile; fileRef = 95894F001D1C2F3300E2B287 /* Images.xcassets */; };
		95894F0D1D1C2F3300E2B287 /* weatherTests.swift in Sources */ = {isa = PBXBuildFile; fileRef = 95894F0C1D1C2F3300E2B287 /* weatherTests.swift */; };
/* End PBXBuildFile section */

/* Begin PBXContainerItemProxy section */
		95894F071D1C2F3300E2B287 /* PBXContainerItemProxy */ = {
			isa = PBXContainerItemProxy;
			containerPortal = 95894EEC1D1C2F3300E2B287 /* Project object */;
			proxyType = 1;
			remoteGlobalIDString = 95894EF31D1C2F3300E2B287;
			remoteInfo = weather;
		};
/* End PBXContainerItemProxy section */

/* Begin PBXFileReference section */
		95894EF41D1C2F3300E2B287 /* weather.app */ = {isa = PBXFileReference; explicitFileType = wrapper.application; includeInIndex = 0; path = weather.app; sourceTree = BUILT_PRODUCTS_DIR; };
		95894EF81D1C2F3300E2B287 /* Info.plist */ = {isa = PBXFileReference; lastKnownFileType = text.plist.xml; path = Info.plist; sourceTree = "<group>"; };
		95894EF91D1C2F3300E2B287 /* AppDelegate.swift */ = {isa = PBXFileReference; lastKnownFileType = sourcecode.swift; path = AppDelegate.swift; sourceTree = "<group>"; };
		95894EFB1D1C2F3300E2B287 /* ViewController.swift */ = {isa = PBXFileReference; lastKnownFileType = sourcecode.swift; path = ViewController.swift; sourceTree = "<group>"; };
		95894EFE1D1C2F3300E2B287 /* Base */ = {isa = PBXFileReference; lastKnownFileType = file.storyboard; name = Base; path = Base.lproj/Main.storyboard; sourceTree = "<group>"; };
		95894F001D1C2F3300E2B287 /* Images.xcassets */ = {isa = PBXFileReference; lastKnownFileType = folder.assetcatalog; path = Images.xcassets; sourceTree = "<group>"; };
		95894F061D1C2F3300E2B287 /* weatherTests.xctest */ = {isa = PBXFileReference; explicitFileType = wrapper.cfbundle; includeInIndex = 0; path = weatherTests.xctest; sourceTree = BUILT_PRODUCTS_DIR; };
		95894F0B1D1C2F3300E2B287 /* Info.plist */ = {isa = PBXFileReference; lastKnownFileType = text.plist.xml; path = Info.plist; sourceTree = "<group>"; };
		95894F0C1D1C2F3300E2B287 /* weatherTests.swift */ = {isa = PBXFileReference; lastKnownFileType = sourcecode.swift; path = weatherTests.swift; sourceTree = "<group>"; };
		95894F161D1C316300E2B287 /* loadweather.playground */ = {isa = PBXFileReference; lastKnownFileType = file.playground; path = loadweather.playground; sourceTree = "<group>"; };
/* End PBXFileReference section */

/* Begin PBXFrameworksBuildPhase section */
		95894EF11D1C2F3300E2B287 /* Frameworks */ = {
			isa = PBXFrameworksBuildPhase;
			buildActionMask = 2147483647;
			files = (
			);
			runOnlyForDeploymentPostprocessing = 0;
		};
		95894F031D1C2F3300E2B287 /* Frameworks */ = {
			isa = PBXFrameworksBuildPhase;
			buildActionMask = 2147483647;
			files = (
			);
			runOnlyForDeploymentPostprocessing = 0;
		};
/* End PBXFrameworksBuildPhase section */

/* Begin PBXGroup section */
		95894EEB1D1C2F3300E2B287 = {
			isa = PBXGroup;
			children = (
				95894EF61D1C2F3300E2B287 /* weather */,
				95894F091D1C2F3300E2B287 /* weatherTests */,
				95894EF51D1C2F3300E2B287 /* Products */,
			);
			sourceTree = "<group>";
		};
		95894EF51D1C2F3300E2B287 /* Products */ = {
			isa = PBXGroup;
			children = (
				95894EF41D1C2F3300E2B287 /* weather.app */,
				95894F061D1C2F3300E2B287 /* weatherTests.xctest */,
			);
			name = Products;
			sourceTree = "<group>";
		};
		95894EF61D1C2F3300E2B287 /* weather */ = {
			isa = PBXGroup;
			children = (
				95894EF91D1C2F3300E2B287 /* AppDelegate.swift */,
				95894EFB1D1C2F3300E2B287 /* ViewController.swift */,
				95894EFD1D1C2F3300E2B287 /* Main.storyboard */,
				95894F001D1C2F3300E2B287 /* Images.xcassets */,
				95894EF71D1C2F3300E2B287 /* Supporting Files */,
				95894F161D1C316300E2B287 /* loadweather.playground */,
			);
			path = weather;
			sourceTree = "<group>";
		};
		95894EF71D1C2F3300E2B287 /* Supporting Files */ = {
			isa = PBXGroup;
			children = (
				95894EF81D1C2F3300E2B287 /* Info.plist */,
			);
			name = "Supporting Files";
			sourceTree = "<group>";
		};
		95894F091D1C2F3300E2B287 /* weatherTests */ = {
			isa = PBXGroup;
			children = (
				95894F0C1D1C2F3300E2B287 /* weatherTests.swift */,
				95894F0A1D1C2F3300E2B287 /* Supporting Files */,
			);
			path = weatherTests;
			sourceTree = "<group>";
		};
		95894F0A1D1C2F3300E2B287 /* Supporting Files */ = {
			isa = PBXGroup;
			children = (
				95894F0B1D1C2F3300E2B287 /* Info.plist */,
			);
			name = "Supporting Files";
			sourceTree = "<group>";
		};
/* End PBXGroup section */

/* Begin PBXNativeTarget section */
		95894EF31D1C2F3300E2B287 /* weather */ = {
			isa = PBXNativeTarget;
			buildConfigurationList = 95894F101D1C2F3300E2B287 /* Build configuration list for PBXNativeTarget "weather" */;
			buildPhases = (
				95894EF01D1C2F3300E2B287 /* Sources */,
				95894EF11D1C2F3300E2B287 /* Frameworks */,
				95894EF21D1C2F3300E2B287 /* Resources */,
			);
			buildRules = (
			);
			dependencies = (
			);
			name = weather;
			productName = weather;
			productReference = 95894EF41D1C2F3300E2B287 /* weather.app */;
			productType = "com.apple.product-type.application";
		};
		95894F051D1C2F3300E2B287 /* weatherTests */ = {
			isa = PBXNativeTarget;
			buildConfigurationList = 95894F131D1C2F3300E2B287 /* Build configuration list for PBXNativeTarget "weatherTests" */;
			buildPhases = (
				95894F021D1C2F3300E2B287 /* Sources */,
				95894F031D1C2F3300E2B287 /* Frameworks */,
				95894F041D1C2F3300E2B287 /* Resources */,
			);
			buildRules = (
			);
			dependencies = (
				95894F081D1C2F3300E2B287 /* PBXTargetDependency */,
			);
			name = weatherTests;
			productName = weatherTests;
			productReference = 95894F061D1C2F3300E2B287 /* weatherTests.xctest */;
			productType = "com.apple.product-type.bundle.unit-test";
		};
/* End PBXNativeTarget section */

/* Begin PBXProject section */
		95894EEC1D1C2F3300E2B287 /* Project object */ = {
			isa = PBXProject;
			attributes = {
				LastUpgradeCheck = 0600;
				ORGANIZATIONNAME = vmac;
				TargetAttributes = {
					95894EF31D1C2F3300E2B287 = {
						CreatedOnToolsVersion = 6.0;
					};
					95894F051D1C2F3300E2B287 = {
						CreatedOnToolsVersion = 6.0;
						TestTargetID = 95894EF31D1C2F3300E2B287;
					};
				};
			};
			buildConfigurationList = 95894EEF1D1C2F3300E2B287 /* Build configuration list for PBXProject "weather" */;
			compatibilityVersion = "Xcode 3.2";
			developmentRegion = English;
			hasScannedForEncodings = 0;
			knownRegions = (
				en,
				Base,
			);
			mainGroup = 95894EEB1D1C2F3300E2B287;
			productRefGroup = 95894EF51D1C2F3300E2B287 /* Products */;
			projectDirPath = "";
			projectRoot = "";
			targets = (
				95894EF31D1C2F3300E2B287 /* weather */,
				95894F051D1C2F3300E2B287 /* weatherTests */,
			);
		};
/* End PBXProject section */

/* Begin PBXResourcesBuildPhase section */
		95894EF21D1C2F3300E2B287 /* Resources */ = {
			isa = PBXResourcesBuildPhase;
			buildActionMask = 2147483647;
			files = (
				95894EFF1D1C2F3300E2B287 /* Main.storyboard in Resources */,
				95894F011D1C2F3300E2B287 /* Images.xcassets in Resources */,
			);
			runOnlyForDeploymentPostprocessing = 0;
		};
		95894F041D1C2F3300E2B287 /* Resources */ = {
			isa = PBXResourcesBuildPhase;
			buildActionMask = 2147483647;
			files = (
			);
			runOnlyForDeploymentPostprocessing = 0;
		};
/* End PBXResourcesBuildPhase section */

/* Begin PBXSourcesBuildPhase section */
		95894EF01D1C2F3300E2B287 /* Sources */ = {
			isa = PBXSourcesBuildPhase;
			buildActionMask = 2147483647;
			files = (
				95894EFC1D1C2F3300E2B287 /* ViewController.swift in Sources */,
				95894EFA1D1C2F3300E2B287 /* AppDelegate.swift in Sources */,
			);
			runOnlyForDeploymentPostprocessing = 0;
		};
		95894F021D1C2F3300E2B287 /* Sources */ = {
			isa = PBXSourcesBuildPhase;
			buildActionMask = 2147483647;
			files = (
				95894F0D1D1C2F3300E2B287 /* weatherTests.swift in Sources */,
			);
			runOnlyForDeploymentPostprocessing = 0;
		};
/* End PBXSourcesBuildPhase section */

/* Begin PBXTargetDependency section */
		95894F081D1C2F3300E2B287 /* PBXTargetDependency */ = {
			isa = PBXTargetDependency;
			target = 95894EF31D1C2F3300E2B287 /* weather */;
			targetProxy = 95894F071D1C2F3300E2B287 /* PBXContainerItemProxy */;
		};
/* End PBXTargetDependency section */

/* Begin PBXVariantGroup section */
		95894EFD1D1C2F3300E2B287 /* Main.storyboard */ = {
			isa = PBXVariantGroup;
			children = (
				95894EFE1D1C2F3300E2B287 /* Base */,
			);
			name = Main.storyboard;
			sourceTree = "<group>";
		};
/* End PBXVariantGroup section */

/* Begin XCBuildConfiguration section */
		95894F0E1D1C2F3300E2B287 /* Debug */ = {
			isa = XCBuildConfiguration;
			buildSettings = {
				ALWAYS_SEARCH_USER_PATHS = NO;
				CLANG_CXX_LANGUAGE_STANDARD = "gnu++0x";
				CLANG_CXX_LIBRARY = "libc++";
				CLANG_ENABLE_MODULES = YES;
				CLANG_ENABLE_OBJC_ARC = YES;
				CLANG_WARN_BOOL_CONVERSION = YES;
				CLANG_WARN_CONSTANT_CONVERSION = YES;
				CLANG_WARN_DIRECT_OBJC_ISA_USAGE = YES_ERROR;
				CLANG_WARN_EMPTY_BODY = YES;
				CLANG_WARN_ENUM_CONVERSION = YES;
				CLANG_WARN_INT_CONVERSION = YES;
				CLANG_WARN_OBJC_ROOT_CLASS = YES_ERROR;
				CLANG_WARN_UNREACHABLE_CODE = YES;
				CLANG_WARN__DUPLICATE_METHOD_MATCH = YES;
				"CODE_SIGN_IDENTITY[sdk=iphoneos*]" = "iPhone Developer";
				COPY_PHASE_STRIP = NO;
				ENABLE_STRICT_OBJC_MSGSEND = YES;
				GCC_C_LANGUAGE_STANDARD = gnu99;
				GCC_DYNAMIC_NO_PIC = NO;
				GCC_OPTIMIZATION_LEVEL = 0;
				GCC_PREPROCESSOR_DEFINITIONS = (
					"DEBUG=1",
					"$(inherited)",
				);
				GCC_SYMBOLS_PRIVATE_EXTERN = NO;
				GCC_WARN_64_TO_32_BIT_CONVERSION = YES;
				GCC_WARN_ABOUT_RETURN_TYPE = YES_ERROR;
				GCC_WARN_UNDECLARED_SELECTOR = YES;
				GCC_WARN_UNINITIALIZED_AUTOS = YES_AGGRESSIVE;
				GCC_WARN_UNUSED_FUNCTION = YES;
				GCC_WARN_UNUSED_VARIABLE = YES;
				IPHONEOS_DEPLOYMENT_TARGET = 8.0;
				METAL_ENABLE_DEBUG_INFO = YES;
				ONLY_ACTIVE_ARCH = YES;
				SDKROOT = iphoneos;
				SWIFT_OPTIMIZATION_LEVEL = "-Onone";
			};
			name = Debug;
		};
		95894F0F1D1C2F3300E2B287 /* Release */ = {
			isa = XCBuildConfiguration;
			buildSettings = {
				ALWAYS_SEARCH_USER_PATHS = NO;
				CLANG_CXX_LANGUAGE_STANDARD = "gnu++0x";
				CLANG_CXX_LIBRARY = "libc++";
				CLANG_ENABLE_MODULES = YES;
				CLANG_ENABLE_OBJC_ARC = YES;
				CLANG_WARN_BOOL_CONVERSION = YES;
				CLANG_WARN_CONSTANT_CONVERSION = YES;
				CLANG_WARN_DIRECT_OBJC_ISA_USAGE = YES_ERROR;
				CLANG_WARN_EMPTY_BODY = YES;
				CLANG_WARN_ENUM_CONVERSION = YES;
				CLANG_WARN_INT_CONVERSION = YES;
				CLANG_WARN_OBJC_ROOT_CLASS = YES_ERROR;
				CLANG_WARN_UNREACHABLE_CODE = YES;
				CLANG_WARN__DUPLICATE_METHOD_MATCH = YES;
				"CODE_SIGN_IDENTITY[sdk=iphoneos*]" = "iPhone Developer";
				COPY_PHASE_STRIP = YES;
				ENABLE_NS_ASSERTIONS = NO;
				ENABLE_STRICT_OBJC_MSGSEND = YES;
				GCC_C_LANGUAGE_STANDARD = gnu99;
				GCC_WARN_64_TO_32_BIT_CONVERSION = YES;
				GCC_WARN_ABOUT_RETURN_TYPE = YES_ERROR;
				GCC_WARN_UNDECLARED_SELECTOR = YES;
				GCC_WARN_UNINITIALIZED_AUTOS = YES_AGGRESSIVE;
				GCC_WARN_UNUSED_FUNCTION = YES;
				GCC_WARN_UNUSED_VARIABLE = YES;
				IPHONEOS_DEPLOYMENT_TARGET = 8.0;
				METAL_ENABLE_DEBUG_INFO = NO;
				SDKROOT = iphoneos;
				VALIDATE_PRODUCT = YES;
			};
			name = Release;
		};
		95894F111D1C2F3300E2B287 /* Debug */ = {
			isa = XCBuildConfiguration;
			buildSettings = {
				ASSETCATALOG_COMPILER_APPICON_NAME = AppIcon;
				ASSETCATALOG_COMPILER_LAUNCHIMAGE_NAME = LaunchImage;
				INFOPLIST_FILE = weather/Info.plist;
				LD_RUNPATH_SEARCH_PATHS = "$(inherited) @executable_path/Frameworks";
				PRODUCT_NAME = "$(TARGET_NAME)";
			};
			name = Debug;
		};
		95894F121D1C2F3300E2B287 /* Release */ = {
			isa = XCBuildConfiguration;
			buildSettings = {
				ASSETCATALOG_COMPILER_APPICON_NAME = AppIcon;
				ASSETCATALOG_COMPILER_LAUNCHIMAGE_NAME = LaunchImage;
				INFOPLIST_FILE = weather/Info.plist;
				LD_RUNPATH_SEARCH_PATHS = "$(inherited) @executable_path/Frameworks";
				PRODUCT_NAME = "$(TARGET_NAME)";
			};
			name = Release;
		};
		95894F141D1C2F3300E2B287 /* Debug */ = {
			isa = XCBuildConfiguration;
			buildSettings = {
				BUNDLE_LOADER = "$(BUILT_PRODUCTS_DIR)/weather.app/weather";
				FRAMEWORK_SEARCH_PATHS = (
					"$(SDKROOT)/Developer/Library/Frameworks",
					"$(inherited)",
				);
				GCC_PREPROCESSOR_DEFINITIONS = (
					"DEBUG=1",
					"$(inherited)",
				);
				INFOPLIST_FILE = weatherTests/Info.plist;
				LD_RUNPATH_SEARCH_PATHS = "$(inherited) @executable_path/Frameworks @loader_path/Frameworks";
				METAL_ENABLE_DEBUG_INFO = YES;
				PRODUCT_NAME = "$(TARGET_NAME)";
				TEST_HOST = "$(BUNDLE_LOADER)";
			};
			name = Debug;
		};
		95894F151D1C2F3300E2B287 /* Release */ = {
			isa = XCBuildConfiguration;
			buildSettings = {
				BUNDLE_LOADER = "$(BUILT_PRODUCTS_DIR)/weather.app/weather";
				FRAMEWORK_SEARCH_PATHS = (
					"$(SDKROOT)/Developer/Library/Frameworks",
					"$(inherited)",
				);
				INFOPLIST_FILE = weatherTests/Info.plist;
				LD_RUNPATH_SEARCH_PATHS = "$(inherited) @executable_path/Frameworks @loader_path/Frameworks";
				METAL_ENABLE_DEBUG_INFO = NO;
				PRODUCT_NAME = "$(TARGET_NAME)";
				TEST_HOST = "$(BUNDLE_LOADER)";
			};
			name = Release;
		};
/* End XCBuildConfiguration section */

/* Begin XCConfigurationList section */
		95894EEF1D1C2F3300E2B287 /* Build configuration list for PBXProject "weather" */ = {
			isa = XCConfigurationList;
			buildConfigurations = (
				95894F0E1D1C2F3300E2B287 /* Debug */,
				95894F0F1D1C2F3300E2B287 /* Release */,
			);
			defaultConfigurationIsVisible = 0;
			defaultConfigurationName = Release;
		};
		95894F101D1C2F3300E2B287 /* Build configuration list for PBXNativeTarget "weather" */ = {
			isa = XCConfigurationList;
			buildConfigurations = (
				95894F111D1C2F3300E2B287 /* Debug */,
				95894F121D1C2F3300E2B287 /* Release */,
			);
			defaultConfigurationIsVisible = 0;
		};
		95894F131D1C2F3300E2B287 /* Build configuration list for PBXNativeTarget "weatherTests" */ = {
			isa = XCConfigurationList;
			buildConfigurations = (
				95894F141D1C2F3300E2B287 /* Debug */,
				95894F151D1C2F3300E2B287 /* Release */,
			);
			defaultConfigurationIsVisible = 0;
		};
/* End XCConfigurationList section */
	};
	rootObject = 95894EEC1D1C2F3300E2B287 /* Project object */;
}
